// !$*UTF8*$!
{
	archiveVersion = 1;
	classes = {
	};
	objectVersion = 46;
	objects = {

/* Begin PBXBuildFile section */
		2C259FB2154048E90007910F /* brown_back.png in Resources */ = {isa = PBXBuildFile; fileRef = 2C259FB1154048E90007910F /* brown_back.png */; };
		2C29EAF4154662C6008C0BF0 /* icon_fish.png in Resources */ = {isa = PBXBuildFile; fileRef = 2C29EAF0154662C6008C0BF0 /* icon_fish.png */; };
		2C29EAF5154662C6008C0BF0 /* fish.png in Resources */ = {isa = PBXBuildFile; fileRef = 2C29EAF1154662C6008C0BF0 /* fish.png */; };
		2C29EAF6154662C6008C0BF0 /* fish@2x.png in Resources */ = {isa = PBXBuildFile; fileRef = 2C29EAF2154662C6008C0BF0 /* fish@2x.png */; };
		2C29EAF7154662C6008C0BF0 /* icon_fish@2x.png in Resources */ = {isa = PBXBuildFile; fileRef = 2C29EAF3154662C6008C0BF0 /* icon_fish@2x.png */; };
		2C29EAFD154663C1008C0BF0 /* up.png in Resources */ = {isa = PBXBuildFile; fileRef = 2C29EAF9154663C1008C0BF0 /* up.png */; };
		2C29EAFE154663C1008C0BF0 /* down.png in Resources */ = {isa = PBXBuildFile; fileRef = 2C29EAFA154663C1008C0BF0 /* down.png */; };
		2C29EAFF154663C1008C0BF0 /* down@2x.png in Resources */ = {isa = PBXBuildFile; fileRef = 2C29EAFB154663C1008C0BF0 /* down@2x.png */; };
		2C29EB00154663C1008C0BF0 /* up@2x.png in Resources */ = {isa = PBXBuildFile; fileRef = 2C29EAFC154663C1008C0BF0 /* up@2x.png */; };
		2CC297EA15409151001D19A5 /* corn.png in Resources */ = {isa = PBXBuildFile; fileRef = 2CC297E215409151001D19A5 /* corn.png */; };
		2CC297EB15409151001D19A5 /* eggs.png in Resources */ = {isa = PBXBuildFile; fileRef = 2CC297E315409151001D19A5 /* eggs.png */; };
		2CC297EC15409151001D19A5 /* milk.png in Resources */ = {isa = PBXBuildFile; fileRef = 2CC297E415409151001D19A5 /* milk.png */; };
		2CC297ED15409151001D19A5 /* shellfish.png in Resources */ = {isa = PBXBuildFile; fileRef = 2CC297E515409151001D19A5 /* shellfish.png */; };
		2CC297EE15409151001D19A5 /* soy.png in Resources */ = {isa = PBXBuildFile; fileRef = 2CC297E615409151001D19A5 /* soy.png */; };
		2CC297EF15409151001D19A5 /* tree_nut.png in Resources */ = {isa = PBXBuildFile; fileRef = 2CC297E715409151001D19A5 /* tree_nut.png */; };
		2CC297F015409151001D19A5 /* wheat.png in Resources */ = {isa = PBXBuildFile; fileRef = 2CC297E815409151001D19A5 /* wheat.png */; };
		2CC297FA1540915B001D19A5 /* icon_corn.png in Resources */ = {isa = PBXBuildFile; fileRef = 2CC297F31540915B001D19A5 /* icon_corn.png */; };
		2CC297FB1540915B001D19A5 /* icon_eggs.png in Resources */ = {isa = PBXBuildFile; fileRef = 2CC297F41540915B001D19A5 /* icon_eggs.png */; };
		2CC297FC1540915B001D19A5 /* icon_milk.png in Resources */ = {isa = PBXBuildFile; fileRef = 2CC297F51540915B001D19A5 /* icon_milk.png */; };
		2CC297FD1540915B001D19A5 /* icon_shellfish.png in Resources */ = {isa = PBXBuildFile; fileRef = 2CC297F61540915B001D19A5 /* icon_shellfish.png */; };
		2CC297FE1540915B001D19A5 /* icon_soy.png in Resources */ = {isa = PBXBuildFile; fileRef = 2CC297F71540915B001D19A5 /* icon_soy.png */; };
		2CC297FF1540915B001D19A5 /* icon_treenut.png in Resources */ = {isa = PBXBuildFile; fileRef = 2CC297F81540915B001D19A5 /* icon_treenut.png */; };
		2CC298001540915B001D19A5 /* icon_wheat.png in Resources */ = {isa = PBXBuildFile; fileRef = 2CC297F91540915B001D19A5 /* icon_wheat.png */; };
		2CE03D96153EFC2700A72364 /* searching_for.png in Resources */ = {isa = PBXBuildFile; fileRef = 2CE03D95153EFC2700A72364 /* searching_for.png */; };
		2CE03D99153EFE7F00A72364 /* select_your_allergy.png in Resources */ = {isa = PBXBuildFile; fileRef = 2CE03D98153EFE7F00A72364 /* select_your_allergy.png */; };
		2CE03D9B153EFEFF00A72364 /* scan.png in Resources */ = {isa = PBXBuildFile; fileRef = 2CE03D9A153EFEFF00A72364 /* scan.png */; };
		2CE03D9D153EFF5800A72364 /* brown_bar.png in Resources */ = {isa = PBXBuildFile; fileRef = 2CE03D9C153EFF5800A72364 /* brown_bar.png */; };
		2CE03DA0153F1B0500A72364 /* icon_peanut.png in Resources */ = {isa = PBXBuildFile; fileRef = 2CE03D9E153F1B0500A72364 /* icon_peanut.png */; };
		2CE03DA1153F1B0500A72364 /* peanuts.png in Resources */ = {isa = PBXBuildFile; fileRef = 2CE03D9F153F1B0500A72364 /* peanuts.png */; };
		7C0E96DF154F5EBB00B3BDCF /* piece.png in Resources */ = {isa = PBXBuildFile; fileRef = 7C0E96DD154F5EBB00B3BDCF /* piece.png */; };
		7C0E96E0154F5EBB00B3BDCF /* piece@2x.png in Resources */ = {isa = PBXBuildFile; fileRef = 7C0E96DE154F5EBB00B3BDCF /* piece@2x.png */; };
		7C289A69153CF6C2001C5190 /* allergyscannermainpage.png in Resources */ = {isa = PBXBuildFile; fileRef = 7C289A68153CF6C2001C5190 /* allergyscannermainpage.png */; };
		7C2A209E151D1D3600A8C08D /* libFlurryAnalytics.a in Frameworks */ = {isa = PBXBuildFile; fileRef = 7C2A209D151D1D3600A8C08D /* libFlurryAnalytics.a */; };
		7C2D7614154233E700CA3E4A /* symbol2.png in Resources */ = {isa = PBXBuildFile; fileRef = 7C2D7613154233E700CA3E4A /* symbol2.png */; };
		7C3EA7331542E41C006A48E9 /* done_button.png in Resources */ = {isa = PBXBuildFile; fileRef = 7C3EA72F1542E41C006A48E9 /* done_button.png */; };
		7C3EA7341542E41C006A48E9 /* scanning_results_title.png in Resources */ = {isa = PBXBuildFile; fileRef = 7C3EA7301542E41C006A48E9 /* scanning_results_title.png */; };
		7C3EA7351542E41C006A48E9 /* send_feedback_button.png in Resources */ = {isa = PBXBuildFile; fileRef = 7C3EA7311542E41C006A48E9 /* send_feedback_button.png */; };
		7C3EA7361542E41C006A48E9 /* welcome_title.png in Resources */ = {isa = PBXBuildFile; fileRef = 7C3EA7321542E41C006A48E9 /* welcome_title.png */; };
		7C45AC0E1523574B00B273DF /* sample.mov in Resources */ = {isa = PBXBuildFile; fileRef = 7C45AC0D1523574B00B273DF /* sample.mov */; };
		7C551DDD1538D6FA0089AB39 /* icon@2x.png in Resources */ = {isa = PBXBuildFile; fileRef = 7C551DDB1538D6FA0089AB39 /* icon@2x.png */; };
		7C551DDE1538D6FA0089AB39 /* icon.png in Resources */ = {isa = PBXBuildFile; fileRef = 7C551DDC1538D6FA0089AB39 /* icon.png */; };
		7C551DE91538EFFD0089AB39 /* Default.png in Resources */ = {isa = PBXBuildFile; fileRef = 7C551DE71538EFFD0089AB39 /* Default.png */; };
		7C551DEA1538EFFD0089AB39 /* Default@2x.png in Resources */ = {isa = PBXBuildFile; fileRef = 7C551DE81538EFFD0089AB39 /* Default@2x.png */; };
		7C6B9EFF146EC0E1002EA429 /* UIKit.framework in Frameworks */ = {isa = PBXBuildFile; fileRef = 7C6B9EFE146EC0E1002EA429 /* UIKit.framework */; };
		7C6B9F01146EC0E1002EA429 /* Foundation.framework in Frameworks */ = {isa = PBXBuildFile; fileRef = 7C6B9F00146EC0E1002EA429 /* Foundation.framework */; };
		7C6B9F03146EC0E1002EA429 /* CoreGraphics.framework in Frameworks */ = {isa = PBXBuildFile; fileRef = 7C6B9F02146EC0E1002EA429 /* CoreGraphics.framework */; };
		7C6B9F09146EC0E1002EA429 /* InfoPlist.strings in Resources */ = {isa = PBXBuildFile; fileRef = 7C6B9F07146EC0E1002EA429 /* InfoPlist.strings */; };
		7C6B9F0B146EC0E1002EA429 /* main.m in Sources */ = {isa = PBXBuildFile; fileRef = 7C6B9F0A146EC0E1002EA429 /* main.m */; };
		7C6B9F0F146EC0E1002EA429 /* AppDelegate.m in Sources */ = {isa = PBXBuildFile; fileRef = 7C6B9F0E146EC0E1002EA429 /* AppDelegate.m */; };
		7C6B9F12146EC0E1002EA429 /* ViewController.m in Sources */ = {isa = PBXBuildFile; fileRef = 7C6B9F11146EC0E1002EA429 /* ViewController.m */; };
		7C6B9F15146EC0E1002EA429 /* ViewController.xib in Resources */ = {isa = PBXBuildFile; fileRef = 7C6B9F13146EC0E1002EA429 /* ViewController.xib */; };
		7C6B9F22146EC12D002EA429 /* ServerConnectionController.m in Sources */ = {isa = PBXBuildFile; fileRef = 7C6B9F21146EC12D002EA429 /* ServerConnectionController.m */; };
		7C6B9F25146EC141002EA429 /* IngredientsProcessor.m in Sources */ = {isa = PBXBuildFile; fileRef = 7C6B9F24146EC141002EA429 /* IngredientsProcessor.m */; };
		7C6B9F29146EC14D002EA429 /* About.m in Sources */ = {isa = PBXBuildFile; fileRef = 7C6B9F27146EC14D002EA429 /* About.m */; };
		7C6B9F2A146EC14D002EA429 /* About.xib in Resources */ = {isa = PBXBuildFile; fileRef = 7C6B9F28146EC14D002EA429 /* About.xib */; };
		7C6B9F2E146EC15E002EA429 /* Results.m in Sources */ = {isa = PBXBuildFile; fileRef = 7C6B9F2C146EC15E002EA429 /* Results.m */; };
		7C6B9F2F146EC15E002EA429 /* Results.xib in Resources */ = {isa = PBXBuildFile; fileRef = 7C6B9F2D146EC15E002EA429 /* Results.xib */; };
		7C6B9F33146EC170002EA429 /* History.m in Sources */ = {isa = PBXBuildFile; fileRef = 7C6B9F31146EC170002EA429 /* History.m */; };
		7C6B9F34146EC170002EA429 /* History.xib in Resources */ = {isa = PBXBuildFile; fileRef = 7C6B9F32146EC170002EA429 /* History.xib */; };
		7C6B9F36146EC199002EA429 /* MessageUI.framework in Frameworks */ = {isa = PBXBuildFile; fileRef = 7C6B9F35146EC199002EA429 /* MessageUI.framework */; };
		7C6B9F38146EC1AB002EA429 /* AudioToolbox.framework in Frameworks */ = {isa = PBXBuildFile; fileRef = 7C6B9F37146EC1AB002EA429 /* AudioToolbox.framework */; };
		7C6B9F3A146EC1B3002EA429 /* CoreVideo.framework in Frameworks */ = {isa = PBXBuildFile; fileRef = 7C6B9F39146EC1B3002EA429 /* CoreVideo.framework */; };
		7C6B9F3C146EC1BD002EA429 /* QuartzCore.framework in Frameworks */ = {isa = PBXBuildFile; fileRef = 7C6B9F3B146EC1BD002EA429 /* QuartzCore.framework */; };
		7C6B9F3E146EC1C8002EA429 /* libiconv.dylib in Frameworks */ = {isa = PBXBuildFile; fileRef = 7C6B9F3D146EC1C8002EA429 /* libiconv.dylib */; };
		7C6B9F40146EC1D1002EA429 /* SystemConfiguration.framework in Frameworks */ = {isa = PBXBuildFile; fileRef = 7C6B9F3F146EC1D1002EA429 /* SystemConfiguration.framework */; };
		7C6B9F42146EC1E2002EA429 /* AVFoundation.framework in Frameworks */ = {isa = PBXBuildFile; fileRef = 7C6B9F41146EC1E2002EA429 /* AVFoundation.framework */; };
		7C6B9F44146EC1EF002EA429 /* CoreMedia.framework in Frameworks */ = {isa = PBXBuildFile; fileRef = 7C6B9F43146EC1EF002EA429 /* CoreMedia.framework */; };
		7C6BA027146EDA6B002EA429 /* NSObject+SBJSON.m in Sources */ = {isa = PBXBuildFile; fileRef = 7C6BA01A146EDA6B002EA429 /* NSObject+SBJSON.m */; settings = {COMPILER_FLAGS = "-fno-objc-arc"; }; };
		7C6BA028146EDA6B002EA429 /* NSString+SBJSON.m in Sources */ = {isa = PBXBuildFile; fileRef = 7C6BA01B146EDA6B002EA429 /* NSString+SBJSON.m */; settings = {COMPILER_FLAGS = "-fno-objc-arc"; }; };
		7C6BA029146EDA6B002EA429 /* SBJSON.m in Sources */ = {isa = PBXBuildFile; fileRef = 7C6BA01C146EDA6B002EA429 /* SBJSON.m */; settings = {COMPILER_FLAGS = "-fno-objc-arc"; }; };
		7C6BA02A146EDA6B002EA429 /* SBJsonBase.m in Sources */ = {isa = PBXBuildFile; fileRef = 7C6BA01D146EDA6B002EA429 /* SBJsonBase.m */; settings = {COMPILER_FLAGS = "-fno-objc-arc"; }; };
		7C6BA02B146EDA6B002EA429 /* SBJsonParser.m in Sources */ = {isa = PBXBuildFile; fileRef = 7C6BA01E146EDA6B002EA429 /* SBJsonParser.m */; settings = {COMPILER_FLAGS = "-fno-objc-arc"; }; };
		7C6BA02C146EDA6B002EA429 /* SBJsonWriter.m in Sources */ = {isa = PBXBuildFile; fileRef = 7C6BA01F146EDA6B002EA429 /* SBJsonWriter.m */; settings = {COMPILER_FLAGS = "-fno-objc-arc"; }; };
		7C8B1AD31543A057007257CF /* symbol4.png in Resources */ = {isa = PBXBuildFile; fileRef = 7C8B1AD21543A057007257CF /* symbol4.png */; };
		7C8B1AD81543A9C1007257CF /* back2.png in Resources */ = {isa = PBXBuildFile; fileRef = 7C8B1AD71543A9C1007257CF /* back2.png */; };
		7C8B1AF915446DC7007257CF /* brown_back@2x.png in Resources */ = {isa = PBXBuildFile; fileRef = 7C8B1AF815446DC7007257CF /* brown_back@2x.png */; };
		7C8B1AFB15446F6E007257CF /* select_your_allergy@2x.png in Resources */ = {isa = PBXBuildFile; fileRef = 7C8B1AFA15446F6E007257CF /* select_your_allergy@2x.png */; };
		7C8B1AFD1544717A007257CF /* scan@2x.png in Resources */ = {isa = PBXBuildFile; fileRef = 7C8B1AFC1544717A007257CF /* scan@2x.png */; };
		7C8B1AFF1544726C007257CF /* searching_for@2x.png in Resources */ = {isa = PBXBuildFile; fileRef = 7C8B1AFE1544726C007257CF /* searching_for@2x.png */; };
		7C8B1B01154472E2007257CF /* brown_bar@2x.png in Resources */ = {isa = PBXBuildFile; fileRef = 7C8B1B00154472E2007257CF /* brown_bar@2x.png */; };
		7C8B1B031544765E007257CF /* peanuts@2x.png in Resources */ = {isa = PBXBuildFile; fileRef = 7C8B1B021544765E007257CF /* peanuts@2x.png */; };
		7C8B1B051544769F007257CF /* icon_peanut@2x.png in Resources */ = {isa = PBXBuildFile; fileRef = 7C8B1B041544769F007257CF /* icon_peanut@2x.png */; };
		7C959AA8152A5F62009C3CFF /* Twitter.framework in Frameworks */ = {isa = PBXBuildFile; fileRef = 7C959AA7152A5F62009C3CFF /* Twitter.framework */; };
		7C987EFB1547927F00C0ABD0 /* ProductDataBaseEngine.m in Sources */ = {isa = PBXBuildFile; fileRef = 7C987EFA1547927F00C0ABD0 /* ProductDataBaseEngine.m */; };
		7C9CBDBC151CDB2800692BF9 /* libzbar.a in Frameworks */ = {isa = PBXBuildFile; fileRef = 7C9CBDB6151CDB2800692BF9 /* libzbar.a */; };
		7C9CBDBD151CDB2800692BF9 /* zbar-back.png in Resources */ = {isa = PBXBuildFile; fileRef = 7C9CBDB8151CDB2800692BF9 /* zbar-back.png */; };
		7C9CBDBE151CDB2800692BF9 /* zbar-help.html in Resources */ = {isa = PBXBuildFile; fileRef = 7C9CBDB9151CDB2800692BF9 /* zbar-help.html */; };
		7C9CBDBF151CDB2800692BF9 /* zbar-helpicons.png in Resources */ = {isa = PBXBuildFile; fileRef = 7C9CBDBA151CDB2800692BF9 /* zbar-helpicons.png */; };
		7C9CBDC0151CDB2800692BF9 /* zbar-samples.png in Resources */ = {isa = PBXBuildFile; fileRef = 7C9CBDBB151CDB2800692BF9 /* zbar-samples.png */; };
		7CC703AA152283D5006D1A90 /* Facebook.m in Sources */ = {isa = PBXBuildFile; fileRef = 7CC7038D152283D5006D1A90 /* Facebook.m */; settings = {COMPILER_FLAGS = "-fno-objc-arc"; }; };
		7CC703AB152283D5006D1A90 /* FBDialog.bundle in Resources */ = {isa = PBXBuildFile; fileRef = 7CC70390152283D5006D1A90 /* FBDialog.bundle */; };
		7CC703AC152283D5006D1A90 /* FBDialog.m in Sources */ = {isa = PBXBuildFile; fileRef = 7CC70392152283D5006D1A90 /* FBDialog.m */; settings = {COMPILER_FLAGS = "-fno-objc-arc"; }; };
		7CC703AD152283D5006D1A90 /* FBFrictionlessRequestSettings.m in Sources */ = {isa = PBXBuildFile; fileRef = 7CC70394152283D5006D1A90 /* FBFrictionlessRequestSettings.m */; settings = {COMPILER_FLAGS = "-fno-objc-arc"; }; };
		7CC703AE152283D5006D1A90 /* FBLoginDialog.m in Sources */ = {isa = PBXBuildFile; fileRef = 7CC70396152283D5006D1A90 /* FBLoginDialog.m */; settings = {COMPILER_FLAGS = "-fno-objc-arc"; }; };
		7CC703AF152283D5006D1A90 /* FBRequest.m in Sources */ = {isa = PBXBuildFile; fileRef = 7CC70398152283D5006D1A90 /* FBRequest.m */; settings = {COMPILER_FLAGS = "-fno-objc-arc"; }; };
		7CD90CEF15448D68007FCB8C /* soy@2x.png in Resources */ = {isa = PBXBuildFile; fileRef = 7CD90CEE15448D68007FCB8C /* soy@2x.png */; };
		7CD90CF115448DA2007FCB8C /* shellfish@2x.png in Resources */ = {isa = PBXBuildFile; fileRef = 7CD90CF015448DA2007FCB8C /* shellfish@2x.png */; };
		7CD90CF315448DC5007FCB8C /* corn@2x.png in Resources */ = {isa = PBXBuildFile; fileRef = 7CD90CF215448DC5007FCB8C /* corn@2x.png */; };
		7CD90CF515448E37007FCB8C /* icon_corn@2x.png in Resources */ = {isa = PBXBuildFile; fileRef = 7CD90CF415448E37007FCB8C /* icon_corn@2x.png */; };
		7CD90CF715448E76007FCB8C /* eggs@2x.png in Resources */ = {isa = PBXBuildFile; fileRef = 7CD90CF615448E76007FCB8C /* eggs@2x.png */; };
		7CD90CF915448EE6007FCB8C /* icon_treenut@2x.png in Resources */ = {isa = PBXBuildFile; fileRef = 7CD90CF815448EE6007FCB8C /* icon_treenut@2x.png */; };
		7CD90CFB15448F11007FCB8C /* icon_milk@2x.png in Resources */ = {isa = PBXBuildFile; fileRef = 7CD90CFA15448F11007FCB8C /* icon_milk@2x.png */; };
		7CD90CFD15448F4E007FCB8C /* wheat@2x.png in Resources */ = {isa = PBXBuildFile; fileRef = 7CD90CFC15448F4E007FCB8C /* wheat@2x.png */; };
		7CD90CFF15448FAF007FCB8C /* icon_wheat@2x.png in Resources */ = {isa = PBXBuildFile; fileRef = 7CD90CFE15448FAE007FCB8C /* icon_wheat@2x.png */; };
		7CD90D0115448FE5007FCB8C /* tree_nut@2x.png in Resources */ = {isa = PBXBuildFile; fileRef = 7CD90D0015448FE4007FCB8C /* tree_nut@2x.png */; };
		7CD90D0315449067007FCB8C /* icon_soy@2x.png in Resources */ = {isa = PBXBuildFile; fileRef = 7CD90D0215449066007FCB8C /* icon_soy@2x.png */; };
		7CD90D0515449088007FCB8C /* icon_shellfish@2x.png in Resources */ = {isa = PBXBuildFile; fileRef = 7CD90D0415449087007FCB8C /* icon_shellfish@2x.png */; };
		7CD90D07154490B7007FCB8C /* milk@2x.png in Resources */ = {isa = PBXBuildFile; fileRef = 7CD90D06154490B6007FCB8C /* milk@2x.png */; };
		7CD90D09154490E0007FCB8C /* icon_eggs@2x.png in Resources */ = {isa = PBXBuildFile; fileRef = 7CD90D08154490E0007FCB8C /* icon_eggs@2x.png */; };
		7CD90D0B1544917D007FCB8C /* send_feedback_button@2x.png in Resources */ = {isa = PBXBuildFile; fileRef = 7CD90D0A1544917C007FCB8C /* send_feedback_button@2x.png */; };
		7CD90D0D154491F0007FCB8C /* welcome_title@2x.png in Resources */ = {isa = PBXBuildFile; fileRef = 7CD90D0C154491EF007FCB8C /* welcome_title@2x.png */; };
		7CD90D0F154493AC007FCB8C /* scanning_results_title@2x.png in Resources */ = {isa = PBXBuildFile; fileRef = 7CD90D0E154493AA007FCB8C /* scanning_results_title@2x.png */; };
		7CD90D11154493E7007FCB8C /* done_button@2x.png in Resources */ = {isa = PBXBuildFile; fileRef = 7CD90D10154493E6007FCB8C /* done_button@2x.png */; };
/* End PBXBuildFile section */

/* Begin PBXFileReference section */
		2C259FB1154048E90007910F /* brown_back.png */ = {isa = PBXFileReference; lastKnownFileType = image.png; path = brown_back.png; sourceTree = "<group>"; };
		2C29EAF0154662C6008C0BF0 /* icon_fish.png */ = {isa = PBXFileReference; lastKnownFileType = image.png; path = icon_fish.png; sourceTree = "<group>"; };
		2C29EAF1154662C6008C0BF0 /* fish.png */ = {isa = PBXFileReference; lastKnownFileType = image.png; path = fish.png; sourceTree = "<group>"; };
		2C29EAF2154662C6008C0BF0 /* fish@2x.png */ = {isa = PBXFileReference; lastKnownFileType = image.png; path = "fish@2x.png"; sourceTree = "<group>"; };
		2C29EAF3154662C6008C0BF0 /* icon_fish@2x.png */ = {isa = PBXFileReference; lastKnownFileType = image.png; path = "icon_fish@2x.png"; sourceTree = "<group>"; };
		2C29EAF9154663C1008C0BF0 /* up.png */ = {isa = PBXFileReference; lastKnownFileType = image.png; path = up.png; sourceTree = "<group>"; };
		2C29EAFA154663C1008C0BF0 /* down.png */ = {isa = PBXFileReference; lastKnownFileType = image.png; path = down.png; sourceTree = "<group>"; };
		2C29EAFB154663C1008C0BF0 /* down@2x.png */ = {isa = PBXFileReference; lastKnownFileType = image.png; path = "down@2x.png"; sourceTree = "<group>"; };
		2C29EAFC154663C1008C0BF0 /* up@2x.png */ = {isa = PBXFileReference; lastKnownFileType = image.png; path = "up@2x.png"; sourceTree = "<group>"; };
		2CC297E215409151001D19A5 /* corn.png */ = {isa = PBXFileReference; lastKnownFileType = image.png; path = corn.png; sourceTree = "<group>"; };
		2CC297E315409151001D19A5 /* eggs.png */ = {isa = PBXFileReference; lastKnownFileType = image.png; path = eggs.png; sourceTree = "<group>"; };
		2CC297E415409151001D19A5 /* milk.png */ = {isa = PBXFileReference; lastKnownFileType = image.png; path = milk.png; sourceTree = "<group>"; };
		2CC297E515409151001D19A5 /* shellfish.png */ = {isa = PBXFileReference; lastKnownFileType = image.png; path = shellfish.png; sourceTree = "<group>"; };
		2CC297E615409151001D19A5 /* soy.png */ = {isa = PBXFileReference; lastKnownFileType = image.png; path = soy.png; sourceTree = "<group>"; };
		2CC297E715409151001D19A5 /* tree_nut.png */ = {isa = PBXFileReference; lastKnownFileType = image.png; path = tree_nut.png; sourceTree = "<group>"; };
		2CC297E815409151001D19A5 /* wheat.png */ = {isa = PBXFileReference; lastKnownFileType = image.png; path = wheat.png; sourceTree = "<group>"; };
		2CC297F31540915B001D19A5 /* icon_corn.png */ = {isa = PBXFileReference; lastKnownFileType = image.png; path = icon_corn.png; sourceTree = "<group>"; };
		2CC297F41540915B001D19A5 /* icon_eggs.png */ = {isa = PBXFileReference; lastKnownFileType = image.png; path = icon_eggs.png; sourceTree = "<group>"; };
		2CC297F51540915B001D19A5 /* icon_milk.png */ = {isa = PBXFileReference; lastKnownFileType = image.png; path = icon_milk.png; sourceTree = "<group>"; };
		2CC297F61540915B001D19A5 /* icon_shellfish.png */ = {isa = PBXFileReference; lastKnownFileType = image.png; path = icon_shellfish.png; sourceTree = "<group>"; };
		2CC297F71540915B001D19A5 /* icon_soy.png */ = {isa = PBXFileReference; lastKnownFileType = image.png; path = icon_soy.png; sourceTree = "<group>"; };
		2CC297F81540915B001D19A5 /* icon_treenut.png */ = {isa = PBXFileReference; lastKnownFileType = image.png; path = icon_treenut.png; sourceTree = "<group>"; };
		2CC297F91540915B001D19A5 /* icon_wheat.png */ = {isa = PBXFileReference; lastKnownFileType = image.png; path = icon_wheat.png; sourceTree = "<group>"; };
		2CE03D95153EFC2700A72364 /* searching_for.png */ = {isa = PBXFileReference; lastKnownFileType = image.png; path = searching_for.png; sourceTree = "<group>"; };
		2CE03D98153EFE7F00A72364 /* select_your_allergy.png */ = {isa = PBXFileReference; lastKnownFileType = image.png; path = select_your_allergy.png; sourceTree = "<group>"; };
		2CE03D9A153EFEFF00A72364 /* scan.png */ = {isa = PBXFileReference; lastKnownFileType = image.png; path = scan.png; sourceTree = "<group>"; };
		2CE03D9C153EFF5800A72364 /* brown_bar.png */ = {isa = PBXFileReference; lastKnownFileType = image.png; path = brown_bar.png; sourceTree = "<group>"; };
		2CE03D9E153F1B0500A72364 /* icon_peanut.png */ = {isa = PBXFileReference; lastKnownFileType = image.png; path = icon_peanut.png; sourceTree = "<group>"; };
		2CE03D9F153F1B0500A72364 /* peanuts.png */ = {isa = PBXFileReference; lastKnownFileType = image.png; path = peanuts.png; sourceTree = "<group>"; };
		7C0E96DD154F5EBB00B3BDCF /* piece.png */ = {isa = PBXFileReference; lastKnownFileType = image.png; path = piece.png; sourceTree = "<group>"; };
		7C0E96DE154F5EBB00B3BDCF /* piece@2x.png */ = {isa = PBXFileReference; lastKnownFileType = image.png; path = "piece@2x.png"; sourceTree = "<group>"; };
		7C289A68153CF6C2001C5190 /* allergyscannermainpage.png */ = {isa = PBXFileReference; lastKnownFileType = image.png; path = allergyscannermainpage.png; sourceTree = "<group>"; };
		7C2A209C151D1D3600A8C08D /* FlurryAnalytics.h */ = {isa = PBXFileReference; fileEncoding = 4; lastKnownFileType = sourcecode.c.h; path = FlurryAnalytics.h; sourceTree = "<group>"; };
		7C2A209D151D1D3600A8C08D /* libFlurryAnalytics.a */ = {isa = PBXFileReference; lastKnownFileType = archive.ar; path = libFlurryAnalytics.a; sourceTree = "<group>"; };
		7C2D7613154233E700CA3E4A /* symbol2.png */ = {isa = PBXFileReference; lastKnownFileType = image.png; path = symbol2.png; sourceTree = "<group>"; };
		7C3EA72F1542E41C006A48E9 /* done_button.png */ = {isa = PBXFileReference; lastKnownFileType = image.png; path = done_button.png; sourceTree = "<group>"; };
		7C3EA7301542E41C006A48E9 /* scanning_results_title.png */ = {isa = PBXFileReference; lastKnownFileType = image.png; path = scanning_results_title.png; sourceTree = "<group>"; };
		7C3EA7311542E41C006A48E9 /* send_feedback_button.png */ = {isa = PBXFileReference; lastKnownFileType = image.png; path = send_feedback_button.png; sourceTree = "<group>"; };
		7C3EA7321542E41C006A48E9 /* welcome_title.png */ = {isa = PBXFileReference; lastKnownFileType = image.png; path = welcome_title.png; sourceTree = "<group>"; };
		7C45AC0D1523574B00B273DF /* sample.mov */ = {isa = PBXFileReference; lastKnownFileType = video.quicktime; path = sample.mov; sourceTree = "<group>"; };
		7C551DDB1538D6FA0089AB39 /* icon@2x.png */ = {isa = PBXFileReference; lastKnownFileType = image.png; path = "icon@2x.png"; sourceTree = "<group>"; };
		7C551DDC1538D6FA0089AB39 /* icon.png */ = {isa = PBXFileReference; lastKnownFileType = image.png; path = icon.png; sourceTree = "<group>"; };
		7C551DE71538EFFD0089AB39 /* Default.png */ = {isa = PBXFileReference; lastKnownFileType = image.png; path = Default.png; sourceTree = "<group>"; };
		7C551DE81538EFFD0089AB39 /* Default@2x.png */ = {isa = PBXFileReference; lastKnownFileType = image.png; path = "Default@2x.png"; sourceTree = "<group>"; };
		7C6B9EFA146EC0E1002EA429 /* AllergyScanner.app */ = {isa = PBXFileReference; explicitFileType = wrapper.application; includeInIndex = 0; path = AllergyScanner.app; sourceTree = BUILT_PRODUCTS_DIR; };
		7C6B9EFE146EC0E1002EA429 /* UIKit.framework */ = {isa = PBXFileReference; lastKnownFileType = wrapper.framework; name = UIKit.framework; path = System/Library/Frameworks/UIKit.framework; sourceTree = SDKROOT; };
		7C6B9F00146EC0E1002EA429 /* Foundation.framework */ = {isa = PBXFileReference; lastKnownFileType = wrapper.framework; name = Foundation.framework; path = System/Library/Frameworks/Foundation.framework; sourceTree = SDKROOT; };
		7C6B9F02146EC0E1002EA429 /* CoreGraphics.framework */ = {isa = PBXFileReference; lastKnownFileType = wrapper.framework; name = CoreGraphics.framework; path = System/Library/Frameworks/CoreGraphics.framework; sourceTree = SDKROOT; };
		7C6B9F06146EC0E1002EA429 /* AllergyScanner-Info.plist */ = {isa = PBXFileReference; lastKnownFileType = text.plist.xml; path = "AllergyScanner-Info.plist"; sourceTree = "<group>"; };
		7C6B9F08146EC0E1002EA429 /* en */ = {isa = PBXFileReference; lastKnownFileType = text.plist.strings; name = en; path = en.lproj/InfoPlist.strings; sourceTree = "<group>"; };
		7C6B9F0A146EC0E1002EA429 /* main.m */ = {isa = PBXFileReference; lastKnownFileType = sourcecode.c.objc; path = main.m; sourceTree = "<group>"; };
		7C6B9F0C146EC0E1002EA429 /* AllergyScanner-Prefix.pch */ = {isa = PBXFileReference; lastKnownFileType = sourcecode.c.h; path = "AllergyScanner-Prefix.pch"; sourceTree = "<group>"; };
		7C6B9F0D146EC0E1002EA429 /* AppDelegate.h */ = {isa = PBXFileReference; lastKnownFileType = sourcecode.c.h; path = AppDelegate.h; sourceTree = "<group>"; };
		7C6B9F0E146EC0E1002EA429 /* AppDelegate.m */ = {isa = PBXFileReference; lastKnownFileType = sourcecode.c.objc; path = AppDelegate.m; sourceTree = "<group>"; };
		7C6B9F10146EC0E1002EA429 /* ViewController.h */ = {isa = PBXFileReference; lastKnownFileType = sourcecode.c.h; path = ViewController.h; sourceTree = "<group>"; };
		7C6B9F11146EC0E1002EA429 /* ViewController.m */ = {isa = PBXFileReference; lastKnownFileType = sourcecode.c.objc; path = ViewController.m; sourceTree = "<group>"; };
		7C6B9F14146EC0E1002EA429 /* en */ = {isa = PBXFileReference; lastKnownFileType = file.xib; name = en; path = en.lproj/ViewController.xib; sourceTree = "<group>"; };
		7C6B9F20146EC12D002EA429 /* ServerConnectionController.h */ = {isa = PBXFileReference; fileEncoding = 4; lastKnownFileType = sourcecode.c.h; path = ServerConnectionController.h; sourceTree = "<group>"; };
		7C6B9F21146EC12D002EA429 /* ServerConnectionController.m */ = {isa = PBXFileReference; fileEncoding = 4; lastKnownFileType = sourcecode.c.objc; path = ServerConnectionController.m; sourceTree = "<group>"; };
		7C6B9F23146EC141002EA429 /* IngredientsProcessor.h */ = {isa = PBXFileReference; fileEncoding = 4; lastKnownFileType = sourcecode.c.h; path = IngredientsProcessor.h; sourceTree = "<group>"; };
		7C6B9F24146EC141002EA429 /* IngredientsProcessor.m */ = {isa = PBXFileReference; fileEncoding = 4; lastKnownFileType = sourcecode.c.objc; path = IngredientsProcessor.m; sourceTree = "<group>"; };
		7C6B9F26146EC14D002EA429 /* About.h */ = {isa = PBXFileReference; fileEncoding = 4; lastKnownFileType = sourcecode.c.h; path = About.h; sourceTree = "<group>"; };
		7C6B9F27146EC14D002EA429 /* About.m */ = {isa = PBXFileReference; fileEncoding = 4; lastKnownFileType = sourcecode.c.objc; path = About.m; sourceTree = "<group>"; };
		7C6B9F28146EC14D002EA429 /* About.xib */ = {isa = PBXFileReference; fileEncoding = 4; lastKnownFileType = file.xib; path = About.xib; sourceTree = "<group>"; };
		7C6B9F2B146EC15E002EA429 /* Results.h */ = {isa = PBXFileReference; fileEncoding = 4; lastKnownFileType = sourcecode.c.h; path = Results.h; sourceTree = "<group>"; };
		7C6B9F2C146EC15E002EA429 /* Results.m */ = {isa = PBXFileReference; fileEncoding = 4; lastKnownFileType = sourcecode.c.objc; path = Results.m; sourceTree = "<group>"; };
		7C6B9F2D146EC15E002EA429 /* Results.xib */ = {isa = PBXFileReference; fileEncoding = 4; lastKnownFileType = file.xib; path = Results.xib; sourceTree = "<group>"; };
		7C6B9F30146EC170002EA429 /* History.h */ = {isa = PBXFileReference; fileEncoding = 4; lastKnownFileType = sourcecode.c.h; path = History.h; sourceTree = "<group>"; };
		7C6B9F31146EC170002EA429 /* History.m */ = {isa = PBXFileReference; fileEncoding = 4; lastKnownFileType = sourcecode.c.objc; path = History.m; sourceTree = "<group>"; };
		7C6B9F32146EC170002EA429 /* History.xib */ = {isa = PBXFileReference; fileEncoding = 4; lastKnownFileType = file.xib; path = History.xib; sourceTree = "<group>"; };
		7C6B9F35146EC199002EA429 /* MessageUI.framework */ = {isa = PBXFileReference; lastKnownFileType = wrapper.framework; name = MessageUI.framework; path = System/Library/Frameworks/MessageUI.framework; sourceTree = SDKROOT; };
		7C6B9F37146EC1AB002EA429 /* AudioToolbox.framework */ = {isa = PBXFileReference; lastKnownFileType = wrapper.framework; name = AudioToolbox.framework; path = System/Library/Frameworks/AudioToolbox.framework; sourceTree = SDKROOT; };
		7C6B9F39146EC1B3002EA429 /* CoreVideo.framework */ = {isa = PBXFileReference; lastKnownFileType = wrapper.framework; name = CoreVideo.framework; path = System/Library/Frameworks/CoreVideo.framework; sourceTree = SDKROOT; };
		7C6B9F3B146EC1BD002EA429 /* QuartzCore.framework */ = {isa = PBXFileReference; lastKnownFileType = wrapper.framework; name = QuartzCore.framework; path = System/Library/Frameworks/QuartzCore.framework; sourceTree = SDKROOT; };
		7C6B9F3D146EC1C8002EA429 /* libiconv.dylib */ = {isa = PBXFileReference; lastKnownFileType = "compiled.mach-o.dylib"; name = libiconv.dylib; path = usr/lib/libiconv.dylib; sourceTree = SDKROOT; };
		7C6B9F3F146EC1D1002EA429 /* SystemConfiguration.framework */ = {isa = PBXFileReference; lastKnownFileType = wrapper.framework; name = SystemConfiguration.framework; path = System/Library/Frameworks/SystemConfiguration.framework; sourceTree = SDKROOT; };
		7C6B9F41146EC1E2002EA429 /* AVFoundation.framework */ = {isa = PBXFileReference; lastKnownFileType = wrapper.framework; name = AVFoundation.framework; path = System/Library/Frameworks/AVFoundation.framework; sourceTree = SDKROOT; };
		7C6B9F43146EC1EF002EA429 /* CoreMedia.framework */ = {isa = PBXFileReference; lastKnownFileType = wrapper.framework; name = CoreMedia.framework; path = System/Library/Frameworks/CoreMedia.framework; sourceTree = SDKROOT; };
		7C6BA01A146EDA6B002EA429 /* NSObject+SBJSON.m */ = {isa = PBXFileReference; fileEncoding = 4; lastKnownFileType = sourcecode.c.objc; path = "NSObject+SBJSON.m"; sourceTree = "<group>"; };
		7C6BA01B146EDA6B002EA429 /* NSString+SBJSON.m */ = {isa = PBXFileReference; fileEncoding = 4; lastKnownFileType = sourcecode.c.objc; path = "NSString+SBJSON.m"; sourceTree = "<group>"; };
		7C6BA01C146EDA6B002EA429 /* SBJSON.m */ = {isa = PBXFileReference; fileEncoding = 4; lastKnownFileType = sourcecode.c.objc; path = SBJSON.m; sourceTree = "<group>"; };
		7C6BA01D146EDA6B002EA429 /* SBJsonBase.m */ = {isa = PBXFileReference; fileEncoding = 4; lastKnownFileType = sourcecode.c.objc; path = SBJsonBase.m; sourceTree = "<group>"; };
		7C6BA01E146EDA6B002EA429 /* SBJsonParser.m */ = {isa = PBXFileReference; fileEncoding = 4; lastKnownFileType = sourcecode.c.objc; path = SBJsonParser.m; sourceTree = "<group>"; };
		7C6BA01F146EDA6B002EA429 /* SBJsonWriter.m */ = {isa = PBXFileReference; fileEncoding = 4; lastKnownFileType = sourcecode.c.objc; path = SBJsonWriter.m; sourceTree = "<group>"; };
		7C6BA020146EDA6B002EA429 /* JSON.h */ = {isa = PBXFileReference; fileEncoding = 4; lastKnownFileType = sourcecode.c.h; path = JSON.h; sourceTree = "<group>"; };
		7C6BA021146EDA6B002EA429 /* NSObject+SBJSON.h */ = {isa = PBXFileReference; fileEncoding = 4; lastKnownFileType = sourcecode.c.h; path = "NSObject+SBJSON.h"; sourceTree = "<group>"; };
		7C6BA022146EDA6B002EA429 /* NSString+SBJSON.h */ = {isa = PBXFileReference; fileEncoding = 4; lastKnownFileType = sourcecode.c.h; path = "NSString+SBJSON.h"; sourceTree = "<group>"; };
		7C6BA023146EDA6B002EA429 /* SBJSON.h */ = {isa = PBXFileReference; fileEncoding = 4; lastKnownFileType = sourcecode.c.h; path = SBJSON.h; sourceTree = "<group>"; };
		7C6BA024146EDA6B002EA429 /* SBJsonBase.h */ = {isa = PBXFileReference; fileEncoding = 4; lastKnownFileType = sourcecode.c.h; path = SBJsonBase.h; sourceTree = "<group>"; };
		7C6BA025146EDA6B002EA429 /* SBJsonParser.h */ = {isa = PBXFileReference; fileEncoding = 4; lastKnownFileType = sourcecode.c.h; path = SBJsonParser.h; sourceTree = "<group>"; };
		7C6BA026146EDA6B002EA429 /* SBJsonWriter.h */ = {isa = PBXFileReference; fileEncoding = 4; lastKnownFileType = sourcecode.c.h; path = SBJsonWriter.h; sourceTree = "<group>"; };
		7C8B1AD21543A057007257CF /* symbol4.png */ = {isa = PBXFileReference; lastKnownFileType = image.png; path = symbol4.png; sourceTree = "<group>"; };
		7C8B1AD71543A9C1007257CF /* back2.png */ = {isa = PBXFileReference; lastKnownFileType = image.png; path = back2.png; sourceTree = "<group>"; };
		7C8B1AF815446DC7007257CF /* brown_back@2x.png */ = {isa = PBXFileReference; lastKnownFileType = image.png; path = "brown_back@2x.png"; sourceTree = "<group>"; };
		7C8B1AFA15446F6E007257CF /* select_your_allergy@2x.png */ = {isa = PBXFileReference; lastKnownFileType = image.png; path = "select_your_allergy@2x.png"; sourceTree = "<group>"; };
		7C8B1AFC1544717A007257CF /* scan@2x.png */ = {isa = PBXFileReference; lastKnownFileType = image.png; path = "scan@2x.png"; sourceTree = "<group>"; };
		7C8B1AFE1544726C007257CF /* searching_for@2x.png */ = {isa = PBXFileReference; lastKnownFileType = image.png; path = "searching_for@2x.png"; sourceTree = "<group>"; };
		7C8B1B00154472E2007257CF /* brown_bar@2x.png */ = {isa = PBXFileReference; lastKnownFileType = image.png; path = "brown_bar@2x.png"; sourceTree = "<group>"; };
		7C8B1B021544765E007257CF /* peanuts@2x.png */ = {isa = PBXFileReference; lastKnownFileType = image.png; path = "peanuts@2x.png"; sourceTree = "<group>"; };
		7C8B1B041544769F007257CF /* icon_peanut@2x.png */ = {isa = PBXFileReference; lastKnownFileType = image.png; path = "icon_peanut@2x.png"; sourceTree = "<group>"; };
		7C959AA7152A5F62009C3CFF /* Twitter.framework */ = {isa = PBXFileReference; lastKnownFileType = wrapper.framework; name = Twitter.framework; path = System/Library/Frameworks/Twitter.framework; sourceTree = SDKROOT; };
		7C987EF91547927F00C0ABD0 /* ProductDataBaseEngine.h */ = {isa = PBXFileReference; fileEncoding = 4; lastKnownFileType = sourcecode.c.h; path = ProductDataBaseEngine.h; sourceTree = "<group>"; };
		7C987EFA1547927F00C0ABD0 /* ProductDataBaseEngine.m */ = {isa = PBXFileReference; fileEncoding = 4; lastKnownFileType = sourcecode.c.objc; path = ProductDataBaseEngine.m; sourceTree = "<group>"; };
		7C9CBDA2151CDB2800692BF9 /* Decoder.h */ = {isa = PBXFileReference; fileEncoding = 4; lastKnownFileType = sourcecode.c.h; path = Decoder.h; sourceTree = "<group>"; };
		7C9CBDA3151CDB2800692BF9 /* Exception.h */ = {isa = PBXFileReference; fileEncoding = 4; lastKnownFileType = sourcecode.c.h; path = Exception.h; sourceTree = "<group>"; };
		7C9CBDA4151CDB2800692BF9 /* Image.h */ = {isa = PBXFileReference; fileEncoding = 4; lastKnownFileType = sourcecode.c.h; path = Image.h; sourceTree = "<group>"; };
		7C9CBDA5151CDB2800692BF9 /* ImageScanner.h */ = {isa = PBXFileReference; fileEncoding = 4; lastKnownFileType = sourcecode.c.h; path = ImageScanner.h; sourceTree = "<group>"; };
		7C9CBDA6151CDB2800692BF9 /* Processor.h */ = {isa = PBXFileReference; fileEncoding = 4; lastKnownFileType = sourcecode.c.h; path = Processor.h; sourceTree = "<group>"; };
		7C9CBDA7151CDB2800692BF9 /* Scanner.h */ = {isa = PBXFileReference; fileEncoding = 4; lastKnownFileType = sourcecode.c.h; path = Scanner.h; sourceTree = "<group>"; };
		7C9CBDA8151CDB2800692BF9 /* Symbol.h */ = {isa = PBXFileReference; fileEncoding = 4; lastKnownFileType = sourcecode.c.h; path = Symbol.h; sourceTree = "<group>"; };
		7C9CBDA9151CDB2800692BF9 /* Video.h */ = {isa = PBXFileReference; fileEncoding = 4; lastKnownFileType = sourcecode.c.h; path = Video.h; sourceTree = "<group>"; };
		7C9CBDAA151CDB2800692BF9 /* Window.h */ = {isa = PBXFileReference; fileEncoding = 4; lastKnownFileType = sourcecode.c.h; path = Window.h; sourceTree = "<group>"; };
		7C9CBDAB151CDB2800692BF9 /* zbar.h */ = {isa = PBXFileReference; fileEncoding = 4; lastKnownFileType = sourcecode.c.h; path = zbar.h; sourceTree = "<group>"; };
		7C9CBDAC151CDB2800692BF9 /* ZBarCameraSimulator.h */ = {isa = PBXFileReference; fileEncoding = 4; lastKnownFileType = sourcecode.c.h; path = ZBarCameraSimulator.h; sourceTree = "<group>"; };
		7C9CBDAD151CDB2800692BF9 /* ZBarCaptureReader.h */ = {isa = PBXFileReference; fileEncoding = 4; lastKnownFileType = sourcecode.c.h; path = ZBarCaptureReader.h; sourceTree = "<group>"; };
		7C9CBDAE151CDB2800692BF9 /* ZBarHelpController.h */ = {isa = PBXFileReference; fileEncoding = 4; lastKnownFileType = sourcecode.c.h; path = ZBarHelpController.h; sourceTree = "<group>"; };
		7C9CBDAF151CDB2800692BF9 /* ZBarImage.h */ = {isa = PBXFileReference; fileEncoding = 4; lastKnownFileType = sourcecode.c.h; path = ZBarImage.h; sourceTree = "<group>"; };
		7C9CBDB0151CDB2800692BF9 /* ZBarImageScanner.h */ = {isa = PBXFileReference; fileEncoding = 4; lastKnownFileType = sourcecode.c.h; path = ZBarImageScanner.h; sourceTree = "<group>"; };
		7C9CBDB1151CDB2800692BF9 /* ZBarReaderController.h */ = {isa = PBXFileReference; fileEncoding = 4; lastKnownFileType = sourcecode.c.h; path = ZBarReaderController.h; sourceTree = "<group>"; };
		7C9CBDB2151CDB2800692BF9 /* ZBarReaderView.h */ = {isa = PBXFileReference; fileEncoding = 4; lastKnownFileType = sourcecode.c.h; path = ZBarReaderView.h; sourceTree = "<group>"; };
		7C9CBDB3151CDB2800692BF9 /* ZBarReaderViewController.h */ = {isa = PBXFileReference; fileEncoding = 4; lastKnownFileType = sourcecode.c.h; path = ZBarReaderViewController.h; sourceTree = "<group>"; };
		7C9CBDB4151CDB2800692BF9 /* ZBarSDK.h */ = {isa = PBXFileReference; fileEncoding = 4; lastKnownFileType = sourcecode.c.h; path = ZBarSDK.h; sourceTree = "<group>"; };
		7C9CBDB5151CDB2800692BF9 /* ZBarSymbol.h */ = {isa = PBXFileReference; fileEncoding = 4; lastKnownFileType = sourcecode.c.h; path = ZBarSymbol.h; sourceTree = "<group>"; };
		7C9CBDB6151CDB2800692BF9 /* libzbar.a */ = {isa = PBXFileReference; lastKnownFileType = archive.ar; path = libzbar.a; sourceTree = "<group>"; };
		7C9CBDB8151CDB2800692BF9 /* zbar-back.png */ = {isa = PBXFileReference; lastKnownFileType = image.png; path = "zbar-back.png"; sourceTree = "<group>"; };
		7C9CBDB9151CDB2800692BF9 /* zbar-help.html */ = {isa = PBXFileReference; fileEncoding = 4; lastKnownFileType = text.html; path = "zbar-help.html"; sourceTree = "<group>"; };
		7C9CBDBA151CDB2800692BF9 /* zbar-helpicons.png */ = {isa = PBXFileReference; lastKnownFileType = image.png; path = "zbar-helpicons.png"; sourceTree = "<group>"; };
		7C9CBDBB151CDB2800692BF9 /* zbar-samples.png */ = {isa = PBXFileReference; lastKnownFileType = image.png; path = "zbar-samples.png"; sourceTree = "<group>"; };
		7CC7038C152283D5006D1A90 /* Facebook.h */ = {isa = PBXFileReference; fileEncoding = 4; lastKnownFileType = sourcecode.c.h; path = Facebook.h; sourceTree = "<group>"; };
		7CC7038D152283D5006D1A90 /* Facebook.m */ = {isa = PBXFileReference; fileEncoding = 4; lastKnownFileType = sourcecode.c.objc; path = Facebook.m; sourceTree = "<group>"; };
		7CC7038F152283D5006D1A90 /* FBConnect.h */ = {isa = PBXFileReference; fileEncoding = 4; lastKnownFileType = sourcecode.c.h; path = FBConnect.h; sourceTree = "<group>"; };
		7CC70390152283D5006D1A90 /* FBDialog.bundle */ = {isa = PBXFileReference; lastKnownFileType = "wrapper.plug-in"; path = FBDialog.bundle; sourceTree = "<group>"; };
		7CC70391152283D5006D1A90 /* FBDialog.h */ = {isa = PBXFileReference; fileEncoding = 4; lastKnownFileType = sourcecode.c.h; path = FBDialog.h; sourceTree = "<group>"; };
		7CC70392152283D5006D1A90 /* FBDialog.m */ = {isa = PBXFileReference; fileEncoding = 4; lastKnownFileType = sourcecode.c.objc; path = FBDialog.m; sourceTree = "<group>"; };
		7CC70393152283D5006D1A90 /* FBFrictionlessRequestSettings.h */ = {isa = PBXFileReference; fileEncoding = 4; lastKnownFileType = sourcecode.c.h; path = FBFrictionlessRequestSettings.h; sourceTree = "<group>"; };
		7CC70394152283D5006D1A90 /* FBFrictionlessRequestSettings.m */ = {isa = PBXFileReference; fileEncoding = 4; lastKnownFileType = sourcecode.c.objc; path = FBFrictionlessRequestSettings.m; sourceTree = "<group>"; };
		7CC70395152283D5006D1A90 /* FBLoginDialog.h */ = {isa = PBXFileReference; fileEncoding = 4; lastKnownFileType = sourcecode.c.h; path = FBLoginDialog.h; sourceTree = "<group>"; };
		7CC70396152283D5006D1A90 /* FBLoginDialog.m */ = {isa = PBXFileReference; fileEncoding = 4; lastKnownFileType = sourcecode.c.objc; path = FBLoginDialog.m; sourceTree = "<group>"; };
		7CC70397152283D5006D1A90 /* FBRequest.h */ = {isa = PBXFileReference; fileEncoding = 4; lastKnownFileType = sourcecode.c.h; path = FBRequest.h; sourceTree = "<group>"; };
		7CC70398152283D5006D1A90 /* FBRequest.m */ = {isa = PBXFileReference; fileEncoding = 4; lastKnownFileType = sourcecode.c.objc; path = FBRequest.m; sourceTree = "<group>"; };
		7CD90CEE15448D68007FCB8C /* soy@2x.png */ = {isa = PBXFileReference; lastKnownFileType = image.png; path = "soy@2x.png"; sourceTree = "<group>"; };
		7CD90CF015448DA2007FCB8C /* shellfish@2x.png */ = {isa = PBXFileReference; lastKnownFileType = image.png; path = "shellfish@2x.png"; sourceTree = "<group>"; };
		7CD90CF215448DC5007FCB8C /* corn@2x.png */ = {isa = PBXFileReference; lastKnownFileType = image.png; path = "corn@2x.png"; sourceTree = "<group>"; };
		7CD90CF415448E37007FCB8C /* icon_corn@2x.png */ = {isa = PBXFileReference; lastKnownFileType = image.png; path = "icon_corn@2x.png"; sourceTree = "<group>"; };
		7CD90CF615448E76007FCB8C /* eggs@2x.png */ = {isa = PBXFileReference; lastKnownFileType = image.png; path = "eggs@2x.png"; sourceTree = "<group>"; };
		7CD90CF815448EE6007FCB8C /* icon_treenut@2x.png */ = {isa = PBXFileReference; lastKnownFileType = image.png; path = "icon_treenut@2x.png"; sourceTree = "<group>"; };
		7CD90CFA15448F11007FCB8C /* icon_milk@2x.png */ = {isa = PBXFileReference; lastKnownFileType = image.png; path = "icon_milk@2x.png"; sourceTree = "<group>"; };
		7CD90CFC15448F4E007FCB8C /* wheat@2x.png */ = {isa = PBXFileReference; lastKnownFileType = image.png; path = "wheat@2x.png"; sourceTree = "<group>"; };
		7CD90CFE15448FAE007FCB8C /* icon_wheat@2x.png */ = {isa = PBXFileReference; lastKnownFileType = image.png; path = "icon_wheat@2x.png"; sourceTree = "<group>"; };
		7CD90D0015448FE4007FCB8C /* tree_nut@2x.png */ = {isa = PBXFileReference; lastKnownFileType = image.png; path = "tree_nut@2x.png"; sourceTree = "<group>"; };
		7CD90D0215449066007FCB8C /* icon_soy@2x.png */ = {isa = PBXFileReference; lastKnownFileType = image.png; path = "icon_soy@2x.png"; sourceTree = "<group>"; };
		7CD90D0415449087007FCB8C /* icon_shellfish@2x.png */ = {isa = PBXFileReference; lastKnownFileType = image.png; path = "icon_shellfish@2x.png"; sourceTree = "<group>"; };
		7CD90D06154490B6007FCB8C /* milk@2x.png */ = {isa = PBXFileReference; lastKnownFileType = image.png; path = "milk@2x.png"; sourceTree = "<group>"; };
		7CD90D08154490E0007FCB8C /* icon_eggs@2x.png */ = {isa = PBXFileReference; lastKnownFileType = image.png; path = "icon_eggs@2x.png"; sourceTree = "<group>"; };
		7CD90D0A1544917C007FCB8C /* send_feedback_button@2x.png */ = {isa = PBXFileReference; lastKnownFileType = image.png; path = "send_feedback_button@2x.png"; sourceTree = "<group>"; };
		7CD90D0C154491EF007FCB8C /* welcome_title@2x.png */ = {isa = PBXFileReference; lastKnownFileType = image.png; path = "welcome_title@2x.png"; sourceTree = "<group>"; };
		7CD90D0E154493AA007FCB8C /* scanning_results_title@2x.png */ = {isa = PBXFileReference; lastKnownFileType = image.png; path = "scanning_results_title@2x.png"; sourceTree = "<group>"; };
		7CD90D10154493E6007FCB8C /* done_button@2x.png */ = {isa = PBXFileReference; lastKnownFileType = image.png; path = "done_button@2x.png"; sourceTree = "<group>"; };
/* End PBXFileReference section */

/* Begin PBXFrameworksBuildPhase section */
		7C6B9EF7146EC0E1002EA429 /* Frameworks */ = {
			isa = PBXFrameworksBuildPhase;
			buildActionMask = 2147483647;
			files = (
				7C959AA8152A5F62009C3CFF /* Twitter.framework in Frameworks */,
				7C6B9F44146EC1EF002EA429 /* CoreMedia.framework in Frameworks */,
				7C6B9F42146EC1E2002EA429 /* AVFoundation.framework in Frameworks */,
				7C6B9F40146EC1D1002EA429 /* SystemConfiguration.framework in Frameworks */,
				7C6B9F3E146EC1C8002EA429 /* libiconv.dylib in Frameworks */,
				7C6B9F3C146EC1BD002EA429 /* QuartzCore.framework in Frameworks */,
				7C6B9F3A146EC1B3002EA429 /* CoreVideo.framework in Frameworks */,
				7C6B9F38146EC1AB002EA429 /* AudioToolbox.framework in Frameworks */,
				7C6B9F36146EC199002EA429 /* MessageUI.framework in Frameworks */,
				7C6B9EFF146EC0E1002EA429 /* UIKit.framework in Frameworks */,
				7C6B9F01146EC0E1002EA429 /* Foundation.framework in Frameworks */,
				7C6B9F03146EC0E1002EA429 /* CoreGraphics.framework in Frameworks */,
				7C9CBDBC151CDB2800692BF9 /* libzbar.a in Frameworks */,
				7C2A209E151D1D3600A8C08D /* libFlurryAnalytics.a in Frameworks */,
			);
			runOnlyForDeploymentPostprocessing = 0;
		};
/* End PBXFrameworksBuildPhase section */

/* Begin PBXGroup section */
		7C18AD0F153371AF00189BEF /* Images */ = {
			isa = PBXGroup;
			children = (
				7C0E96DD154F5EBB00B3BDCF /* piece.png */,
				7C0E96DE154F5EBB00B3BDCF /* piece@2x.png */,
				7C8B1AD71543A9C1007257CF /* back2.png */,
				7C2D7613154233E700CA3E4A /* symbol2.png */,
				7C8B1AD21543A057007257CF /* symbol4.png */,
				2C259FB1154048E90007910F /* brown_back.png */,
				7C8B1AF815446DC7007257CF /* brown_back@2x.png */,
				7C3EA72F1542E41C006A48E9 /* done_button.png */,
				7CD90D10154493E6007FCB8C /* done_button@2x.png */,
				7C3EA7301542E41C006A48E9 /* scanning_results_title.png */,
				7CD90D0E154493AA007FCB8C /* scanning_results_title@2x.png */,
				7C3EA7311542E41C006A48E9 /* send_feedback_button.png */,
				7CD90D0A1544917C007FCB8C /* send_feedback_button@2x.png */,
				7C3EA7321542E41C006A48E9 /* welcome_title.png */,
				7CD90D0C154491EF007FCB8C /* welcome_title@2x.png */,
				7C289A68153CF6C2001C5190 /* allergyscannermainpage.png */,
				2C29EAF9154663C1008C0BF0 /* up.png */,
				2C29EAFC154663C1008C0BF0 /* up@2x.png */,
				2C29EAFA154663C1008C0BF0 /* down.png */,
				2C29EAFB154663C1008C0BF0 /* down@2x.png */,
				2C29EAF1154662C6008C0BF0 /* fish.png */,
				2C29EAF2154662C6008C0BF0 /* fish@2x.png */,
				2C29EAF0154662C6008C0BF0 /* icon_fish.png */,
				2C29EAF3154662C6008C0BF0 /* icon_fish@2x.png */,
				2CC297E215409151001D19A5 /* corn.png */,
				7CD90CF215448DC5007FCB8C /* corn@2x.png */,
				2CC297F31540915B001D19A5 /* icon_corn.png */,
				7CD90CF415448E37007FCB8C /* icon_corn@2x.png */,
				2CC297E315409151001D19A5 /* eggs.png */,
				7CD90CF615448E76007FCB8C /* eggs@2x.png */,
				2CC297F41540915B001D19A5 /* icon_eggs.png */,
				7CD90D08154490E0007FCB8C /* icon_eggs@2x.png */,
				2CC297E415409151001D19A5 /* milk.png */,
				7CD90D06154490B6007FCB8C /* milk@2x.png */,
				2CC297F51540915B001D19A5 /* icon_milk.png */,
				7CD90CFA15448F11007FCB8C /* icon_milk@2x.png */,
				2CC297E515409151001D19A5 /* shellfish.png */,
				7CD90CF015448DA2007FCB8C /* shellfish@2x.png */,
				2CC297F61540915B001D19A5 /* icon_shellfish.png */,
				7CD90D0415449087007FCB8C /* icon_shellfish@2x.png */,
				2CC297E615409151001D19A5 /* soy.png */,
				7CD90CEE15448D68007FCB8C /* soy@2x.png */,
				2CC297F71540915B001D19A5 /* icon_soy.png */,
				7CD90D0215449066007FCB8C /* icon_soy@2x.png */,
				2CC297E715409151001D19A5 /* tree_nut.png */,
				7CD90D0015448FE4007FCB8C /* tree_nut@2x.png */,
				2CC297F81540915B001D19A5 /* icon_treenut.png */,
				7CD90CF815448EE6007FCB8C /* icon_treenut@2x.png */,
				2CC297E815409151001D19A5 /* wheat.png */,
				7CD90CFC15448F4E007FCB8C /* wheat@2x.png */,
				2CC297F91540915B001D19A5 /* icon_wheat.png */,
				7CD90CFE15448FAE007FCB8C /* icon_wheat@2x.png */,
				2CE03D9E153F1B0500A72364 /* icon_peanut.png */,
				7C8B1B041544769F007257CF /* icon_peanut@2x.png */,
				2CE03D9F153F1B0500A72364 /* peanuts.png */,
				7C8B1B021544765E007257CF /* peanuts@2x.png */,
				2CE03D9C153EFF5800A72364 /* brown_bar.png */,
				7C8B1B00154472E2007257CF /* brown_bar@2x.png */,
				2CE03D95153EFC2700A72364 /* searching_for.png */,
				7C8B1AFE1544726C007257CF /* searching_for@2x.png */,
				2CE03D9A153EFEFF00A72364 /* scan.png */,
				7C8B1AFC1544717A007257CF /* scan@2x.png */,
				2CE03D98153EFE7F00A72364 /* select_your_allergy.png */,
				7C8B1AFA15446F6E007257CF /* select_your_allergy@2x.png */,
				7C551DDC1538D6FA0089AB39 /* icon.png */,
				7C551DDB1538D6FA0089AB39 /* icon@2x.png */,
				7C551DE71538EFFD0089AB39 /* Default.png */,
				7C551DE81538EFFD0089AB39 /* Default@2x.png */,
			);
			name = Images;
			sourceTree = "<group>";
		};
		7C2A209B151D1D3600A8C08D /* FlurryAnalytics */ = {
			isa = PBXGroup;
			children = (
				7C2A209C151D1D3600A8C08D /* FlurryAnalytics.h */,
				7C2A209D151D1D3600A8C08D /* libFlurryAnalytics.a */,
			);
			path = FlurryAnalytics;
			sourceTree = "<group>";
		};
		7C6B9EEF146EC0E0002EA429 = {
			isa = PBXGroup;
			children = (
				7C18AD0F153371AF00189BEF /* Images */,
				7CC70388152283D5006D1A90 /* src */,
				7C6BA031146F0647002EA429 /* Libraries  */,
				7C6B9F1B146EC0EC002EA429 /* Classes */,
				7C6B9F04146EC0E1002EA429 /* AllergyScanner */,
				7C6B9EFD146EC0E1002EA429 /* Frameworks */,
				7C6B9EFB146EC0E1002EA429 /* Products */,
			);
			sourceTree = "<group>";
		};
		7C6B9EFB146EC0E1002EA429 /* Products */ = {
			isa = PBXGroup;
			children = (
				7C6B9EFA146EC0E1002EA429 /* AllergyScanner.app */,
			);
			name = Products;
			sourceTree = "<group>";
		};
		7C6B9EFD146EC0E1002EA429 /* Frameworks */ = {
			isa = PBXGroup;
			children = (
				7C959AA7152A5F62009C3CFF /* Twitter.framework */,
				7C6B9F43146EC1EF002EA429 /* CoreMedia.framework */,
				7C6B9F41146EC1E2002EA429 /* AVFoundation.framework */,
				7C6B9F3F146EC1D1002EA429 /* SystemConfiguration.framework */,
				7C6B9F3D146EC1C8002EA429 /* libiconv.dylib */,
				7C6B9F3B146EC1BD002EA429 /* QuartzCore.framework */,
				7C6B9F39146EC1B3002EA429 /* CoreVideo.framework */,
				7C6B9F37146EC1AB002EA429 /* AudioToolbox.framework */,
				7C6B9F35146EC199002EA429 /* MessageUI.framework */,
				7C6B9EFE146EC0E1002EA429 /* UIKit.framework */,
				7C6B9F00146EC0E1002EA429 /* Foundation.framework */,
				7C6B9F02146EC0E1002EA429 /* CoreGraphics.framework */,
			);
			name = Frameworks;
			sourceTree = "<group>";
		};
		7C6B9F04146EC0E1002EA429 /* AllergyScanner */ = {
			isa = PBXGroup;
			children = (
				7C6B9F0D146EC0E1002EA429 /* AppDelegate.h */,
				7C6B9F0E146EC0E1002EA429 /* AppDelegate.m */,
				7C6B9F10146EC0E1002EA429 /* ViewController.h */,
				7C6B9F11146EC0E1002EA429 /* ViewController.m */,
				7C6B9F13146EC0E1002EA429 /* ViewController.xib */,
				7C6B9F2B146EC15E002EA429 /* Results.h */,
				7C6B9F2C146EC15E002EA429 /* Results.m */,
				7C6B9F2D146EC15E002EA429 /* Results.xib */,
				7C6B9F26146EC14D002EA429 /* About.h */,
				7C6B9F27146EC14D002EA429 /* About.m */,
				7C6B9F28146EC14D002EA429 /* About.xib */,
				7C6B9F30146EC170002EA429 /* History.h */,
				7C6B9F31146EC170002EA429 /* History.m */,
				7C6B9F32146EC170002EA429 /* History.xib */,
				7C6B9F05146EC0E1002EA429 /* Supporting Files */,
			);
			path = AllergyScanner;
			sourceTree = "<group>";
		};
		7C6B9F05146EC0E1002EA429 /* Supporting Files */ = {
			isa = PBXGroup;
			children = (
				7C45AC0D1523574B00B273DF /* sample.mov */,
				7C6B9F06146EC0E1002EA429 /* AllergyScanner-Info.plist */,
				7C6B9F07146EC0E1002EA429 /* InfoPlist.strings */,
				7C6B9F0A146EC0E1002EA429 /* main.m */,
				7C6B9F0C146EC0E1002EA429 /* AllergyScanner-Prefix.pch */,
			);
			name = "Supporting Files";
			sourceTree = "<group>";
		};
		7C6B9F1B146EC0EC002EA429 /* Classes */ = {
			isa = PBXGroup;
			children = (
				7C987EF91547927F00C0ABD0 /* ProductDataBaseEngine.h */,
				7C987EFA1547927F00C0ABD0 /* ProductDataBaseEngine.m */,
				7C6B9F20146EC12D002EA429 /* ServerConnectionController.h */,
				7C6B9F21146EC12D002EA429 /* ServerConnectionController.m */,
				7C6B9F23146EC141002EA429 /* IngredientsProcessor.h */,
				7C6B9F24146EC141002EA429 /* IngredientsProcessor.m */,
			);
			name = Classes;
			sourceTree = "<group>";
		};
		7C6BA031146F0647002EA429 /* Libraries  */ = {
			isa = PBXGroup;
			children = (
				7C2A209B151D1D3600A8C08D /* FlurryAnalytics */,
				7C9CBD9E151CDB2800692BF9 /* ZBarSDK */,
				7C6BA033146F066C002EA429 /* JSON */,
			);
			name = "Libraries ";
			sourceTree = "<group>";
		};
		7C6BA033146F066C002EA429 /* JSON */ = {
			isa = PBXGroup;
			children = (
				7C6BA01A146EDA6B002EA429 /* NSObject+SBJSON.m */,
				7C6BA01B146EDA6B002EA429 /* NSString+SBJSON.m */,
				7C6BA01C146EDA6B002EA429 /* SBJSON.m */,
				7C6BA01D146EDA6B002EA429 /* SBJsonBase.m */,
				7C6BA01E146EDA6B002EA429 /* SBJsonParser.m */,
				7C6BA01F146EDA6B002EA429 /* SBJsonWriter.m */,
				7C6BA020146EDA6B002EA429 /* JSON.h */,
				7C6BA021146EDA6B002EA429 /* NSObject+SBJSON.h */,
				7C6BA022146EDA6B002EA429 /* NSString+SBJSON.h */,
				7C6BA023146EDA6B002EA429 /* SBJSON.h */,
				7C6BA024146EDA6B002EA429 /* SBJsonBase.h */,
				7C6BA025146EDA6B002EA429 /* SBJsonParser.h */,
				7C6BA026146EDA6B002EA429 /* SBJsonWriter.h */,
			);
			name = JSON;
			sourceTree = "<group>";
		};
		7C9CBD9E151CDB2800692BF9 /* ZBarSDK */ = {
			isa = PBXGroup;
			children = (
				7C9CBD9F151CDB2800692BF9 /* Headers */,
				7C9CBDB6151CDB2800692BF9 /* libzbar.a */,
				7C9CBDB7151CDB2800692BF9 /* Resources */,
			);
			path = ZBarSDK;
			sourceTree = "<group>";
		};
		7C9CBD9F151CDB2800692BF9 /* Headers */ = {
			isa = PBXGroup;
			children = (
				7C9CBDA0151CDB2800692BF9 /* ZBarSDK */,
			);
			path = Headers;
			sourceTree = "<group>";
		};
		7C9CBDA0151CDB2800692BF9 /* ZBarSDK */ = {
			isa = PBXGroup;
			children = (
				7C9CBDA1151CDB2800692BF9 /* zbar */,
				7C9CBDAB151CDB2800692BF9 /* zbar.h */,
				7C9CBDAC151CDB2800692BF9 /* ZBarCameraSimulator.h */,
				7C9CBDAD151CDB2800692BF9 /* ZBarCaptureReader.h */,
				7C9CBDAE151CDB2800692BF9 /* ZBarHelpController.h */,
				7C9CBDAF151CDB2800692BF9 /* ZBarImage.h */,
				7C9CBDB0151CDB2800692BF9 /* ZBarImageScanner.h */,
				7C9CBDB1151CDB2800692BF9 /* ZBarReaderController.h */,
				7C9CBDB2151CDB2800692BF9 /* ZBarReaderView.h */,
				7C9CBDB3151CDB2800692BF9 /* ZBarReaderViewController.h */,
				7C9CBDB4151CDB2800692BF9 /* ZBarSDK.h */,
				7C9CBDB5151CDB2800692BF9 /* ZBarSymbol.h */,
			);
			path = ZBarSDK;
			sourceTree = "<group>";
		};
		7C9CBDA1151CDB2800692BF9 /* zbar */ = {
			isa = PBXGroup;
			children = (
				7C9CBDA2151CDB2800692BF9 /* Decoder.h */,
				7C9CBDA3151CDB2800692BF9 /* Exception.h */,
				7C9CBDA4151CDB2800692BF9 /* Image.h */,
				7C9CBDA5151CDB2800692BF9 /* ImageScanner.h */,
				7C9CBDA6151CDB2800692BF9 /* Processor.h */,
				7C9CBDA7151CDB2800692BF9 /* Scanner.h */,
				7C9CBDA8151CDB2800692BF9 /* Symbol.h */,
				7C9CBDA9151CDB2800692BF9 /* Video.h */,
				7C9CBDAA151CDB2800692BF9 /* Window.h */,
			);
			path = zbar;
			sourceTree = "<group>";
		};
		7C9CBDB7151CDB2800692BF9 /* Resources */ = {
			isa = PBXGroup;
			children = (
				7C9CBDB8151CDB2800692BF9 /* zbar-back.png */,
				7C9CBDB9151CDB2800692BF9 /* zbar-help.html */,
				7C9CBDBA151CDB2800692BF9 /* zbar-helpicons.png */,
				7C9CBDBB151CDB2800692BF9 /* zbar-samples.png */,
			);
			path = Resources;
			sourceTree = "<group>";
		};
		7CC70388152283D5006D1A90 /* src */ = {
			isa = PBXGroup;
			children = (
				7CC7038C152283D5006D1A90 /* Facebook.h */,
				7CC7038D152283D5006D1A90 /* Facebook.m */,
				7CC7038F152283D5006D1A90 /* FBConnect.h */,
				7CC70390152283D5006D1A90 /* FBDialog.bundle */,
				7CC70391152283D5006D1A90 /* FBDialog.h */,
				7CC70392152283D5006D1A90 /* FBDialog.m */,
				7CC70393152283D5006D1A90 /* FBFrictionlessRequestSettings.h */,
				7CC70394152283D5006D1A90 /* FBFrictionlessRequestSettings.m */,
				7CC70395152283D5006D1A90 /* FBLoginDialog.h */,
				7CC70396152283D5006D1A90 /* FBLoginDialog.m */,
				7CC70397152283D5006D1A90 /* FBRequest.h */,
				7CC70398152283D5006D1A90 /* FBRequest.m */,
			);
			path = src;
			sourceTree = "<group>";
		};
/* End PBXGroup section */

/* Begin PBXNativeTarget section */
		7C6B9EF9146EC0E1002EA429 /* AllergyScanner */ = {
			isa = PBXNativeTarget;
			buildConfigurationList = 7C6B9F18146EC0E1002EA429 /* Build configuration list for PBXNativeTarget "AllergyScanner" */;
			buildPhases = (
				7C6B9EF6146EC0E1002EA429 /* Sources */,
				7C6B9EF7146EC0E1002EA429 /* Frameworks */,
				7C6B9EF8146EC0E1002EA429 /* Resources */,
			);
			buildRules = (
			);
			dependencies = (
			);
			name = AllergyScanner;
			productName = AllergyScanner;
			productReference = 7C6B9EFA146EC0E1002EA429 /* AllergyScanner.app */;
			productType = "com.apple.product-type.application";
		};
/* End PBXNativeTarget section */

/* Begin PBXProject section */
		7C6B9EF1146EC0E0002EA429 /* Project object */ = {
			isa = PBXProject;
			attributes = {
				LastUpgradeCheck = 0420;
			};
			buildConfigurationList = 7C6B9EF4146EC0E0002EA429 /* Build configuration list for PBXProject "AllergyScanner" */;
			compatibilityVersion = "Xcode 3.2";
			developmentRegion = English;
			hasScannedForEncodings = 0;
			knownRegions = (
				en,
				de,
			);
			mainGroup = 7C6B9EEF146EC0E0002EA429;
			productRefGroup = 7C6B9EFB146EC0E1002EA429 /* Products */;
			projectDirPath = "";
			projectRoot = "";
			targets = (
				7C6B9EF9146EC0E1002EA429 /* AllergyScanner */,
			);
		};
/* End PBXProject section */

/* Begin PBXResourcesBuildPhase section */
		7C6B9EF8146EC0E1002EA429 /* Resources */ = {
			isa = PBXResourcesBuildPhase;
			buildActionMask = 2147483647;
			files = (
				7C6B9F09146EC0E1002EA429 /* InfoPlist.strings in Resources */,
				7C6B9F15146EC0E1002EA429 /* ViewController.xib in Resources */,
				7C6B9F2A146EC14D002EA429 /* About.xib in Resources */,
				7C6B9F2F146EC15E002EA429 /* Results.xib in Resources */,
				7C6B9F34146EC170002EA429 /* History.xib in Resources */,
				7C9CBDBD151CDB2800692BF9 /* zbar-back.png in Resources */,
				7C9CBDBE151CDB2800692BF9 /* zbar-help.html in Resources */,
				7C9CBDBF151CDB2800692BF9 /* zbar-helpicons.png in Resources */,
				7C9CBDC0151CDB2800692BF9 /* zbar-samples.png in Resources */,
				7CC703AB152283D5006D1A90 /* FBDialog.bundle in Resources */,
				7C45AC0E1523574B00B273DF /* sample.mov in Resources */,
				7C551DDD1538D6FA0089AB39 /* icon@2x.png in Resources */,
				7C551DDE1538D6FA0089AB39 /* icon.png in Resources */,
				7C551DE91538EFFD0089AB39 /* Default.png in Resources */,
				7C551DEA1538EFFD0089AB39 /* Default@2x.png in Resources */,
				7C289A69153CF6C2001C5190 /* allergyscannermainpage.png in Resources */,
				2CE03D96153EFC2700A72364 /* searching_for.png in Resources */,
				2CE03D99153EFE7F00A72364 /* select_your_allergy.png in Resources */,
				2CE03D9B153EFEFF00A72364 /* scan.png in Resources */,
				2CE03D9D153EFF5800A72364 /* brown_bar.png in Resources */,
				2CE03DA0153F1B0500A72364 /* icon_peanut.png in Resources */,
				2CE03DA1153F1B0500A72364 /* peanuts.png in Resources */,
				2C259FB2154048E90007910F /* brown_back.png in Resources */,
				2CC297EA15409151001D19A5 /* corn.png in Resources */,
				2CC297EB15409151001D19A5 /* eggs.png in Resources */,
				2CC297EC15409151001D19A5 /* milk.png in Resources */,
				2CC297ED15409151001D19A5 /* shellfish.png in Resources */,
				2CC297EE15409151001D19A5 /* soy.png in Resources */,
				2CC297EF15409151001D19A5 /* tree_nut.png in Resources */,
				2CC297F015409151001D19A5 /* wheat.png in Resources */,
				2CC297FA1540915B001D19A5 /* icon_corn.png in Resources */,
				2CC297FB1540915B001D19A5 /* icon_eggs.png in Resources */,
				2CC297FC1540915B001D19A5 /* icon_milk.png in Resources */,
				2CC297FD1540915B001D19A5 /* icon_shellfish.png in Resources */,
				2CC297FE1540915B001D19A5 /* icon_soy.png in Resources */,
				2CC297FF1540915B001D19A5 /* icon_treenut.png in Resources */,
				2CC298001540915B001D19A5 /* icon_wheat.png in Resources */,
				7C2D7614154233E700CA3E4A /* symbol2.png in Resources */,
				7C3EA7331542E41C006A48E9 /* done_button.png in Resources */,
				7C3EA7341542E41C006A48E9 /* scanning_results_title.png in Resources */,
				7C3EA7351542E41C006A48E9 /* send_feedback_button.png in Resources */,
				7C3EA7361542E41C006A48E9 /* welcome_title.png in Resources */,
				7C8B1AD31543A057007257CF /* symbol4.png in Resources */,
				7C8B1AD81543A9C1007257CF /* back2.png in Resources */,
				7C8B1AF915446DC7007257CF /* brown_back@2x.png in Resources */,
				7C8B1AFB15446F6E007257CF /* select_your_allergy@2x.png in Resources */,
				7C8B1AFD1544717A007257CF /* scan@2x.png in Resources */,
				7C8B1AFF1544726C007257CF /* searching_for@2x.png in Resources */,
				7C8B1B01154472E2007257CF /* brown_bar@2x.png in Resources */,
				7C8B1B031544765E007257CF /* peanuts@2x.png in Resources */,
				7C8B1B051544769F007257CF /* icon_peanut@2x.png in Resources */,
				7CD90CEF15448D68007FCB8C /* soy@2x.png in Resources */,
				7CD90CF115448DA2007FCB8C /* shellfish@2x.png in Resources */,
				7CD90CF315448DC5007FCB8C /* corn@2x.png in Resources */,
				7CD90CF515448E37007FCB8C /* icon_corn@2x.png in Resources */,
				7CD90CF715448E76007FCB8C /* eggs@2x.png in Resources */,
				7CD90CF915448EE6007FCB8C /* icon_treenut@2x.png in Resources */,
				7CD90CFB15448F11007FCB8C /* icon_milk@2x.png in Resources */,
				7CD90CFD15448F4E007FCB8C /* wheat@2x.png in Resources */,
				7CD90CFF15448FAF007FCB8C /* icon_wheat@2x.png in Resources */,
				7CD90D0115448FE5007FCB8C /* tree_nut@2x.png in Resources */,
				7CD90D0315449067007FCB8C /* icon_soy@2x.png in Resources */,
				7CD90D0515449088007FCB8C /* icon_shellfish@2x.png in Resources */,
				7CD90D07154490B7007FCB8C /* milk@2x.png in Resources */,
				7CD90D09154490E0007FCB8C /* icon_eggs@2x.png in Resources */,
				7CD90D0B1544917D007FCB8C /* send_feedback_button@2x.png in Resources */,
				7CD90D0D154491F0007FCB8C /* welcome_title@2x.png in Resources */,
				7CD90D0F154493AC007FCB8C /* scanning_results_title@2x.png in Resources */,
				7CD90D11154493E7007FCB8C /* done_button@2x.png in Resources */,
				2C29EAF4154662C6008C0BF0 /* icon_fish.png in Resources */,
				2C29EAF5154662C6008C0BF0 /* fish.png in Resources */,
				2C29EAF6154662C6008C0BF0 /* fish@2x.png in Resources */,
				2C29EAF7154662C6008C0BF0 /* icon_fish@2x.png in Resources */,
				2C29EAFD154663C1008C0BF0 /* up.png in Resources */,
				2C29EAFE154663C1008C0BF0 /* down.png in Resources */,
				2C29EAFF154663C1008C0BF0 /* down@2x.png in Resources */,
				2C29EB00154663C1008C0BF0 /* up@2x.png in Resources */,
				7C0E96DF154F5EBB00B3BDCF /* piece.png in Resources */,
				7C0E96E0154F5EBB00B3BDCF /* piece@2x.png in Resources */,
			);
			runOnlyForDeploymentPostprocessing = 0;
		};
/* End PBXResourcesBuildPhase section */

/* Begin PBXSourcesBuildPhase section */
		7C6B9EF6146EC0E1002EA429 /* Sources */ = {
			isa = PBXSourcesBuildPhase;
			buildActionMask = 2147483647;
			files = (
				7C6B9F0B146EC0E1002EA429 /* main.m in Sources */,
				7C6B9F0F146EC0E1002EA429 /* AppDelegate.m in Sources */,
				7C6B9F12146EC0E1002EA429 /* ViewController.m in Sources */,
				7C6B9F22146EC12D002EA429 /* ServerConnectionController.m in Sources */,
				7C6B9F25146EC141002EA429 /* IngredientsProcessor.m in Sources */,
				7C6B9F29146EC14D002EA429 /* About.m in Sources */,
				7C6B9F2E146EC15E002EA429 /* Results.m in Sources */,
				7C6B9F33146EC170002EA429 /* History.m in Sources */,
				7C6BA027146EDA6B002EA429 /* NSObject+SBJSON.m in Sources */,
				7C6BA028146EDA6B002EA429 /* NSString+SBJSON.m in Sources */,
				7C6BA029146EDA6B002EA429 /* SBJSON.m in Sources */,
				7C6BA02A146EDA6B002EA429 /* SBJsonBase.m in Sources */,
				7C6BA02B146EDA6B002EA429 /* SBJsonParser.m in Sources */,
				7C6BA02C146EDA6B002EA429 /* SBJsonWriter.m in Sources */,
				7CC703AA152283D5006D1A90 /* Facebook.m in Sources */,
				7CC703AC152283D5006D1A90 /* FBDialog.m in Sources */,
				7CC703AD152283D5006D1A90 /* FBFrictionlessRequestSettings.m in Sources */,
				7CC703AE152283D5006D1A90 /* FBLoginDialog.m in Sources */,
				7CC703AF152283D5006D1A90 /* FBRequest.m in Sources */,
				7C987EFB1547927F00C0ABD0 /* ProductDataBaseEngine.m in Sources */,
			);
			runOnlyForDeploymentPostprocessing = 0;
		};
/* End PBXSourcesBuildPhase section */

/* Begin PBXVariantGroup section */
		7C6B9F07146EC0E1002EA429 /* InfoPlist.strings */ = {
			isa = PBXVariantGroup;
			children = (
				7C6B9F08146EC0E1002EA429 /* en */,
			);
			name = InfoPlist.strings;
			sourceTree = "<group>";
		};
		7C6B9F13146EC0E1002EA429 /* ViewController.xib */ = {
			isa = PBXVariantGroup;
			children = (
				7C6B9F14146EC0E1002EA429 /* en */,
			);
			name = ViewController.xib;
			sourceTree = "<group>";
		};
/* End PBXVariantGroup section */

/* Begin XCBuildConfiguration section */
		7C6B9F16146EC0E1002EA429 /* Debug */ = {
			isa = XCBuildConfiguration;
			buildSettings = {
				ALWAYS_SEARCH_USER_PATHS = NO;
				ARCHS = "$(ARCHS_STANDARD_32_BIT)";
				CLANG_ENABLE_OBJC_ARC = YES;
				CODE_SIGN_IDENTITY = "iPhone Developer: ITAI RAM (C8VWQ56ELU)";
				"CODE_SIGN_IDENTITY[sdk=iphoneos*]" = "iPhone Developer: ITAI RAM (C8VWQ56ELU)";
				COPY_PHASE_STRIP = NO;
				GCC_C_LANGUAGE_STANDARD = gnu99;
				GCC_DYNAMIC_NO_PIC = NO;
				GCC_OPTIMIZATION_LEVEL = 0;
				GCC_PREPROCESSOR_DEFINITIONS = (
					"DEBUG=1",
					"$(inherited)",
				);
				GCC_SYMBOLS_PRIVATE_EXTERN = NO;
				GCC_VERSION = com.apple.compilers.llvm.clang.1_0;
				GCC_WARN_ABOUT_MISSING_PROTOTYPES = YES;
				GCC_WARN_ABOUT_RETURN_TYPE = YES;
				GCC_WARN_UNUSED_VARIABLE = YES;
				IPHONEOS_DEPLOYMENT_TARGET = 4.0;
				OTHER_LDFLAGS = (
					"-all_load",
					"-lstdc++",
				);
				PROVISIONING_PROFILE = "DAC85DAB-D8AC-4745-BD36-60B2CD712BCD";
				"PROVISIONING_PROFILE[sdk=iphoneos*]" = "DAC85DAB-D8AC-4745-BD36-60B2CD712BCD";
				SDKROOT = iphoneos;
			};
			name = Debug;
		};
		7C6B9F17146EC0E1002EA429 /* Release */ = {
			isa = XCBuildConfiguration;
			buildSettings = {
				ALWAYS_SEARCH_USER_PATHS = NO;
				ARCHS = "$(ARCHS_STANDARD_32_BIT)";
				CLANG_ENABLE_OBJC_ARC = YES;
				CODE_SIGN_IDENTITY = "iPhone Developer: ITAI RAM (C8VWQ56ELU)";
				"CODE_SIGN_IDENTITY[sdk=iphoneos*]" = "iPhone Developer: ITAI RAM (C8VWQ56ELU)";
				COPY_PHASE_STRIP = YES;
				GCC_C_LANGUAGE_STANDARD = gnu99;
				GCC_VERSION = com.apple.compilers.llvm.clang.1_0;
				GCC_WARN_ABOUT_MISSING_PROTOTYPES = YES;
				GCC_WARN_ABOUT_RETURN_TYPE = YES;
				GCC_WARN_UNUSED_VARIABLE = YES;
				IPHONEOS_DEPLOYMENT_TARGET = 4.0;
				OTHER_CFLAGS = "-DNS_BLOCK_ASSERTIONS=1";
				OTHER_LDFLAGS = (
					"-all_load",
					"-lstdc++",
				);
				PROVISIONING_PROFILE = "DAC85DAB-D8AC-4745-BD36-60B2CD712BCD";
				"PROVISIONING_PROFILE[sdk=iphoneos*]" = "DAC85DAB-D8AC-4745-BD36-60B2CD712BCD";
				SDKROOT = iphoneos;
				VALIDATE_PRODUCT = YES;
			};
			name = Release;
		};
		7C6B9F19146EC0E1002EA429 /* Debug */ = {
			isa = XCBuildConfiguration;
			buildSettings = {
				CODE_SIGN_IDENTITY = "iPhone Developer: ITAI RAM (C8VWQ56ELU)";
				"CODE_SIGN_IDENTITY[sdk=iphoneos*]" = "iPhone Developer: ITAI RAM (C8VWQ56ELU)";
				GCC_PRECOMPILE_PREFIX_HEADER = YES;
				GCC_PREFIX_HEADER = "AllergyScanner/AllergyScanner-Prefix.pch";
				INFOPLIST_FILE = "AllergyScanner/AllergyScanner-Info.plist";
				IPHONEOS_DEPLOYMENT_TARGET = 4.3;
				LIBRARY_SEARCH_PATHS = (
					"$(inherited)",
					"\"$(SRCROOT)\"",
					"\"$(SRCROOT)/FlurryAnalytics\"",
					"\"$(SRCROOT)/ZBarSDK\"",
				);
				PRODUCT_NAME = "$(TARGET_NAME)";
				PROVISIONING_PROFILE = "DAC85DAB-D8AC-4745-BD36-60B2CD712BCD";
				"PROVISIONING_PROFILE[sdk=iphoneos*]" = "DAC85DAB-D8AC-4745-BD36-60B2CD712BCD";
				WRAPPER_EXTENSION = app;
			};
			name = Debug;
		};
		7C6B9F1A146EC0E1002EA429 /* Release */ = {
			isa = XCBuildConfiguration;
			buildSettings = {
				CODE_SIGN_IDENTITY = "iPhone Developer: ITAI RAM (C8VWQ56ELU)";
				"CODE_SIGN_IDENTITY[sdk=iphoneos*]" = "iPhone Developer: ITAI RAM (C8VWQ56ELU)";
				GCC_PRECOMPILE_PREFIX_HEADER = YES;
				GCC_PREFIX_HEADER = "AllergyScanner/AllergyScanner-Prefix.pch";
				INFOPLIST_FILE = "AllergyScanner/AllergyScanner-Info.plist";
				IPHONEOS_DEPLOYMENT_TARGET = 4.3;
				LIBRARY_SEARCH_PATHS = (
					"$(inherited)",
					"\"$(SRCROOT)\"",
					"\"$(SRCROOT)/FlurryAnalytics\"",
					"\"$(SRCROOT)/ZBarSDK\"",
				);
				PRODUCT_NAME = "$(TARGET_NAME)";
				PROVISIONING_PROFILE = "DAC85DAB-D8AC-4745-BD36-60B2CD712BCD";
				"PROVISIONING_PROFILE[sdk=iphoneos*]" = "DAC85DAB-D8AC-4745-BD36-60B2CD712BCD";
				WRAPPER_EXTENSION = app;
			};
			name = Release;
		};
/* End XCBuildConfiguration section */

/* Begin XCConfigurationList section */
		7C6B9EF4146EC0E0002EA429 /* Build configuration list for PBXProject "AllergyScanner" */ = {
			isa = XCConfigurationList;
			buildConfigurations = (
				7C6B9F16146EC0E1002EA429 /* Debug */,
				7C6B9F17146EC0E1002EA429 /* Release */,
			);
			defaultConfigurationIsVisible = 0;
			defaultConfigurationName = Release;
		};
		7C6B9F18146EC0E1002EA429 /* Build configuration list for PBXNativeTarget "AllergyScanner" */ = {
			isa = XCConfigurationList;
			buildConfigurations = (
				7C6B9F19146EC0E1002EA429 /* Debug */,
				7C6B9F1A146EC0E1002EA429 /* Release */,
			);
			defaultConfigurationIsVisible = 0;
			defaultConfigurationName = Release;
		};
/* End XCConfigurationList section */
	};
	rootObject = 7C6B9EF1146EC0E0002EA429 /* Project object */;
}
